// !$*UTF8*$!
{
	archiveVersion = 1;
	classes = {
	};
	objectVersion = 55;
	objects = {

/* Begin PBXBuildFile section */
		B4BC040E27D5E93900B59A00 /* Multi_ThemeApp.swift in Sources */ = {isa = PBXBuildFile; fileRef = B4BC03FE27D5E93700B59A00 /* Multi_ThemeApp.swift */; };
		B4BC041027D5E93900B59A00 /* ContentView.swift in Sources */ = {isa = PBXBuildFile; fileRef = B4BC03FF27D5E93700B59A00 /* ContentView.swift */; };
		B4BC041227D5E93900B59A00 /* Assets.xcassets in Resources */ = {isa = PBXBuildFile; fileRef = B4BC040027D5E93800B59A00 /* Assets.xcassets */; };
		B4BC041D27D5E9C500B59A00 /* Theme.swift in Sources */ = {isa = PBXBuildFile; fileRef = B4BC041C27D5E9C500B59A00 /* Theme.swift */; };
		B4BC042027D5EA8A00B59A00 /* ThemeManager.swift in Sources */ = {isa = PBXBuildFile; fileRef = B4BC041F27D5EA8A00B59A00 /* ThemeManager.swift */; };
		B4BC042327D5EAD900B59A00 /* BlueTheme.swift in Sources */ = {isa = PBXBuildFile; fileRef = B4BC042227D5EAD900B59A00 /* BlueTheme.swift */; };
		B4BC042627D5EAE800B59A00 /* RedTheme.swift in Sources */ = {isa = PBXBuildFile; fileRef = B4BC042527D5EAE800B59A00 /* RedTheme.swift */; };
/* End PBXBuildFile section */

/* Begin PBXFileReference section */
		B4BC03FE27D5E93700B59A00 /* Multi_ThemeApp.swift */ = {isa = PBXFileReference; lastKnownFileType = sourcecode.swift; path = Multi_ThemeApp.swift; sourceTree = "<group>"; };
		B4BC03FF27D5E93700B59A00 /* ContentView.swift */ = {isa = PBXFileReference; lastKnownFileType = sourcecode.swift; path = ContentView.swift; sourceTree = "<group>"; };
		B4BC040027D5E93800B59A00 /* Assets.xcassets */ = {isa = PBXFileReference; lastKnownFileType = folder.assetcatalog; path = Assets.xcassets; sourceTree = "<group>"; };
		B4BC040527D5E93800B59A00 /* Multi-Theme.app */ = {isa = PBXFileReference; explicitFileType = wrapper.application; includeInIndex = 0; path = "Multi-Theme.app"; sourceTree = BUILT_PRODUCTS_DIR; };
		B4BC041C27D5E9C500B59A00 /* Theme.swift */ = {isa = PBXFileReference; lastKnownFileType = sourcecode.swift; path = Theme.swift; sourceTree = "<group>"; };
		B4BC041F27D5EA8A00B59A00 /* ThemeManager.swift */ = {isa = PBXFileReference; lastKnownFileType = sourcecode.swift; path = ThemeManager.swift; sourceTree = "<group>"; };
		B4BC042227D5EAD900B59A00 /* BlueTheme.swift */ = {isa = PBXFileReference; lastKnownFileType = sourcecode.swift; path = BlueTheme.swift; sourceTree = "<group>"; };
		B4BC042527D5EAE800B59A00 /* RedTheme.swift */ = {isa = PBXFileReference; lastKnownFileType = sourcecode.swift; path = RedTheme.swift; sourceTree = "<group>"; };
/* End PBXFileReference section */

/* Begin PBXFrameworksBuildPhase section */
		B4BC040227D5E93800B59A00 /* Frameworks */ = {
			isa = PBXFrameworksBuildPhase;
			buildActionMask = 2147483647;
			files = (
			);
			runOnlyForDeploymentPostprocessing = 0;
		};
/* End PBXFrameworksBuildPhase section */

/* Begin PBXGroup section */
		B4BC03F827D5E93700B59A00 = {
			isa = PBXGroup;
			children = (
				B4BC03FD27D5E93700B59A00 /* Shared */,
				B4BC040627D5E93800B59A00 /* Products */,
			);
			sourceTree = "<group>";
		};
		B4BC03FD27D5E93700B59A00 /* Shared */ = {
			isa = PBXGroup;
			children = (
				B4BC042827D600DF00B59A00 /* Theme */,
				B4BC03FE27D5E93700B59A00 /* Multi_ThemeApp.swift */,
				B4BC03FF27D5E93700B59A00 /* ContentView.swift */,
				B4BC040027D5E93800B59A00 /* Assets.xcassets */,
			);
			path = Shared;
			sourceTree = "<group>";
		};
		B4BC040627D5E93800B59A00 /* Products */ = {
			isa = PBXGroup;
			children = (
				B4BC040527D5E93800B59A00 /* Multi-Theme.app */,
			);
			name = Products;
			sourceTree = "<group>";
		};
		B4BC042827D600DF00B59A00 /* Theme */ = {
			isa = PBXGroup;
			children = (
				B4BC041C27D5E9C500B59A00 /* Theme.swift */,
				B4BC041F27D5EA8A00B59A00 /* ThemeManager.swift */,
				B4BC042227D5EAD900B59A00 /* BlueTheme.swift */,
				B4BC042527D5EAE800B59A00 /* RedTheme.swift */,
			);
			path = Theme;
			sourceTree = "<group>";
		};
/* End PBXGroup section */

/* Begin PBXNativeTarget section */
		B4BC040427D5E93800B59A00 /* Multi-Theme (iOS) */ = {
			isa = PBXNativeTarget;
			buildConfigurationList = B4BC041627D5E93900B59A00 /* Build configuration list for PBXNativeTarget "Multi-Theme (iOS)" */;
			buildPhases = (
				B4BC040127D5E93800B59A00 /* Sources */,
				B4BC040227D5E93800B59A00 /* Frameworks */,
				B4BC040327D5E93800B59A00 /* Resources */,
			);
			buildRules = (
			);
			dependencies = (
			);
			name = "Multi-Theme (iOS)";
			productName = "Multi-Theme (iOS)";
			productReference = B4BC040527D5E93800B59A00 /* Multi-Theme.app */;
			productType = "com.apple.product-type.application";
		};
/* End PBXNativeTarget section */

/* Begin PBXProject section */
		B4BC03F927D5E93700B59A00 /* Project object */ = {
			isa = PBXProject;
			attributes = {
				BuildIndependentTargetsInParallel = 1;
				LastSwiftUpdateCheck = 1320;
				LastUpgradeCheck = 1320;
				TargetAttributes = {
					B4BC040427D5E93800B59A00 = {
						CreatedOnToolsVersion = 13.2.1;
					};
				};
			};
			buildConfigurationList = B4BC03FC27D5E93700B59A00 /* Build configuration list for PBXProject "Multi-Theme" */;
			compatibilityVersion = "Xcode 13.0";
			developmentRegion = en;
			hasScannedForEncodings = 0;
			knownRegions = (
				en,
				Base,
			);
			mainGroup = B4BC03F827D5E93700B59A00;
			productRefGroup = B4BC040627D5E93800B59A00 /* Products */;
			projectDirPath = "";
			projectRoot = "";
			targets = (
				B4BC040427D5E93800B59A00 /* Multi-Theme (iOS) */,
			);
		};
/* End PBXProject section */

/* Begin PBXResourcesBuildPhase section */
		B4BC040327D5E93800B59A00 /* Resources */ = {
			isa = PBXResourcesBuildPhase;
			buildActionMask = 2147483647;
			files = (
				B4BC041227D5E93900B59A00 /* Assets.xcassets in Resources */,
			);
			runOnlyForDeploymentPostprocessing = 0;
		};
/* End PBXResourcesBuildPhase section */

/* Begin PBXSourcesBuildPhase section */
		B4BC040127D5E93800B59A00 /* Sources */ = {
			isa = PBXSourcesBuildPhase;
			buildActionMask = 2147483647;
			files = (
				B4BC042327D5EAD900B59A00 /* BlueTheme.swift in Sources */,
				B4BC041D27D5E9C500B59A00 /* Theme.swift in Sources */,
				B4BC041027D5E93900B59A00 /* ContentView.swift in Sources */,
				B4BC042627D5EAE800B59A00 /* RedTheme.swift in Sources */,
				B4BC040E27D5E93900B59A00 /* Multi_ThemeApp.swift in Sources */,
				B4BC042027D5EA8A00B59A00 /* ThemeManager.swift in Sources */,
			);
			runOnlyForDeploymentPostprocessing = 0;
		};
/* End PBXSourcesBuildPhase section */

/* Begin XCBuildConfiguration section */
		B4BC041427D5E93900B59A00 /* Debug */ = {
			isa = XCBuildConfiguration;
			buildSettings = {
				ALWAYS_SEARCH_USER_PATHS = NO;
				CLANG_ANALYZER_NONNULL = YES;
				CLANG_ANALYZER_NUMBER_OBJECT_CONVERSION = YES_AGGRESSIVE;
				CLANG_CXX_LANGUAGE_STANDARD = "gnu++17";
				CLANG_CXX_LIBRARY = "libc++";
				CLANG_ENABLE_MODULES = YES;
				CLANG_ENABLE_OBJC_ARC = YES;
				CLANG_ENABLE_OBJC_WEAK = YES;
				CLANG_WARN_BLOCK_CAPTURE_AUTORELEASING = YES;
				CLANG_WARN_BOOL_CONVERSION = YES;
				CLANG_WARN_COMMA = YES;
				CLANG_WARN_CONSTANT_CONVERSION = YES;
				CLANG_WARN_DEPRECATED_OBJC_IMPLEMENTATIONS = YES;
				CLANG_WARN_DIRECT_OBJC_ISA_USAGE = YES_ERROR;
				CLANG_WARN_DOCUMENTATION_COMMENTS = YES;
				CLANG_WARN_EMPTY_BODY = YES;
				CLANG_WARN_ENUM_CONVERSION = YES;
				CLANG_WARN_INFINITE_RECURSION = YES;
				CLANG_WARN_INT_CONVERSION = YES;
				CLANG_WARN_NON_LITERAL_NULL_CONVERSION = YES;
				CLANG_WARN_OBJC_IMPLICIT_RETAIN_SELF = YES;
				CLANG_WARN_OBJC_LITERAL_CONVERSION = YES;
				CLANG_WARN_OBJC_ROOT_CLASS = YES_ERROR;
				CLANG_WARN_QUOTED_INCLUDE_IN_FRAMEWORK_HEADER = YES;
				CLANG_WARN_RANGE_LOOP_ANALYSIS = YES;
				CLANG_WARN_STRICT_PROTOTYPES = YES;
				CLANG_WARN_SUSPICIOUS_MOVE = YES;
				CLANG_WARN_UNGUARDED_AVAILABILITY = YES_AGGRESSIVE;
				CLANG_WARN_UNREACHABLE_CODE = YES;
				CLANG_WARN__DUPLICATE_METHOD_MATCH = YES;
				COPY_PHASE_STRIP = NO;
				DEBUG_INFORMATION_FORMAT = dwarf;
				ENABLE_STRICT_OBJC_MSGSEND = YES;
				ENABLE_TESTABILITY = YES;
				GCC_C_LANGUAGE_STANDARD = gnu11;
				GCC_DYNAMIC_NO_PIC = NO;
				GCC_NO_COMMON_BLOCKS = YES;
				GCC_OPTIMIZATION_LEVEL = 0;
				GCC_PREPROCESSOR_DEFINITIONS = (
					"DEBUG=1",
					"$(inherited)",
				);
				GCC_WARN_64_TO_32_BIT_CONVERSION = YES;
				GCC_WARN_ABOUT_RETURN_TYPE = YES_ERROR;
				GCC_WARN_UNDECLARED_SELECTOR = YES;
				GCC_WARN_UNINITIALIZED_AUTOS = YES_AGGRESSIVE;
				GCC_WARN_UNUSED_FUNCTION = YES;
				GCC_WARN_UNUSED_VARIABLE = YES;
				MTL_ENABLE_DEBUG_INFO = INCLUDE_SOURCE;
				MTL_FAST_MATH = YES;
				ONLY_ACTIVE_ARCH = YES;
				SWIFT_ACTIVE_COMPILATION_CONDITIONS = DEBUG;
				SWIFT_OPTIMIZATION_LEVEL = "-Onone";
			};
			name = Debug;
		};
		B4BC041527D5E93900B59A00 /* Release */ = {
			isa = XCBuildConfiguration;
			buildSettings = {
				ALWAYS_SEARCH_USER_PATHS = NO;
				CLANG_ANALYZER_NONNULL = YES;
				CLANG_ANALYZER_NUMBER_OBJECT_CONVERSION = YES_AGGRESSIVE;
				CLANG_CXX_LANGUAGE_STANDARD = "gnu++17";
				CLANG_CXX_LIBRARY = "libc++";
				CLANG_ENABLE_MODULES = YES;
				CLANG_ENABLE_OBJC_ARC = YES;
				CLANG_ENABLE_OBJC_WEAK = YES;
				CLANG_WARN_BLOCK_CAPTURE_AUTORELEASING = YES;
				CLANG_WARN_BOOL_CONVERSION = YES;
				CLANG_WARN_COMMA = YES;
				CLANG_WARN_CONSTANT_CONVERSION = YES;
				CLANG_WARN_DEPRECATED_OBJC_IMPLEMENTATIONS = YES;
				CLANG_WARN_DIRECT_OBJC_ISA_USAGE = YES_ERROR;
				CLANG_WARN_DOCUMENTATION_COMMENTS = YES;
				CLANG_WARN_EMPTY_BODY = YES;
				CLANG_WARN_ENUM_CONVERSION = YES;
				CLANG_WARN_INFINITE_RECURSION = YES;
				CLANG_WARN_INT_CONVERSION = YES;
				CLANG_WARN_NON_LITERAL_NULL_CONVERSION = YES;
				CLANG_WARN_OBJC_IMPLICIT_RETAIN_SELF = YES;
				CLANG_WARN_OBJC_LITERAL_CONVERSION = YES;
				CLANG_WARN_OBJC_ROOT_CLASS = YES_ERROR;
				CLANG_WARN_QUOTED_INCLUDE_IN_FRAMEWORK_HEADER = YES;
				CLANG_WARN_RANGE_LOOP_ANALYSIS = YES;
				CLANG_WARN_STRICT_PROTOTYPES = YES;
				CLANG_WARN_SUSPICIOUS_MOVE = YES;
				CLANG_WARN_UNGUARDED_AVAILABILITY = YES_AGGRESSIVE;
				CLANG_WARN_UNREACHABLE_CODE = YES;
				CLANG_WARN__DUPLICATE_METHOD_MATCH = YES;
				COPY_PHASE_STRIP = NO;
				DEBUG_INFORMATION_FORMAT = "dwarf-with-dsym";
				ENABLE_NS_ASSERTIONS = NO;
				ENABLE_STRICT_OBJC_MSGSEND = YES;
				GCC_C_LANGUAGE_STANDARD = gnu11;
				GCC_NO_COMMON_BLOCKS = YES;
				GCC_WARN_64_TO_32_BIT_CONVERSION = YES;
				GCC_WARN_ABOUT_RETURN_TYPE = YES_ERROR;
				GCC_WARN_UNDECLARED_SELECTOR = YES;
				GCC_WARN_UNINITIALIZED_AUTOS = YES_AGGRESSIVE;
				GCC_WARN_UNUSED_FUNCTION = YES;
				GCC_WARN_UNUSED_VARIABLE = YES;
				MTL_ENABLE_DEBUG_INFO = NO;
				MTL_FAST_MATH = YES;
				SWIFT_COMPILATION_MODE = wholemodule;
				SWIFT_OPTIMIZATION_LEVEL = "-O";
			};
			name = Release;
		};
		B4BC041727D5E93900B59A00 /* Debug */ = {
			isa = XCBuildConfiguration;
			buildSettings = {
				ASSETCATALOG_COMPILER_APPICON_NAME = AppIcon;
				ASSETCATALOG_COMPILER_GLOBAL_ACCENT_COLOR_NAME = AccentColor;
				CODE_SIGN_STYLE = Automatic;
				CURRENT_PROJECT_VERSION = 1;
				ENABLE_PREVIEWS = YES;
				GENERATE_INFOPLIST_FILE = YES;
				INFOPLIST_KEY_UIApplicationSceneManifest_Generation = YES;
				INFOPLIST_KEY_UIApplicationSupportsIndirectInputEvents = YES;
				INFOPLIST_KEY_UILaunchScreen_Generation = YES;
				INFOPLIST_KEY_UISupportedInterfaceOrientations_iPad = "UIInterfaceOrientationPortrait UIInterfaceOrientationPortraitUpsideDown UIInterfaceOrientationLandscapeLeft UIInterfaceOrientationLandscapeRight";
				INFOPLIST_KEY_UISupportedInterfaceOrientations_iPhone = "UIInterfaceOrientationPortrait UIInterfaceOrientationLandscapeLeft UIInterfaceOrientationLandscapeRight";
				IPHONEOS_DEPLOYMENT_TARGET = 15.2;
				LD_RUNPATH_SEARCH_PATHS = (
					"$(inherited)",
					"@executable_path/Frameworks",
				);
				MARKETING_VERSION = 1.0;
				PRODUCT_BUNDLE_IDENTIFIER = "sg.mor.Multi-Theme";
				PRODUCT_NAME = "Multi-Theme";
				SDKROOT = iphoneos;
				SWIFT_EMIT_LOC_STRINGS = YES;
				SWIFT_VERSION = 5.0;
				TARGETED_DEVICE_FAMILY = "1,2";
			};
			name = Debug;
		};
		B4BC041827D5E93900B59A00 /* Release */ = {
			isa = XCBuildConfiguration;
			buildSettings = {
				ASSETCATALOG_COMPILER_APPICON_NAME = AppIcon;
				ASSETCATALOG_COMPILER_GLOBAL_ACCENT_COLOR_NAME = AccentColor;
				CODE_SIGN_STYLE = Automatic;
				CURRENT_PROJECT_VERSION = 1;
				ENABLE_PREVIEWS = YES;
				GENERATE_INFOPLIST_FILE = YES;
				INFOPLIST_KEY_UIApplicationSceneManifest_Generation = YES;
				INFOPLIST_KEY_UIApplicationSupportsIndirectInputEvents = YES;
				INFOPLIST_KEY_UILaunchScreen_Generation = YES;
				INFOPLIST_KEY_UISupportedInterfaceOrientations_iPad = "UIInterfaceOrientationPortrait UIInterfaceOrientationPortraitUpsideDown UIInterfaceOrientationLandscapeLeft UIInterfaceOrientationLandscapeRight";
				INFOPLIST_KEY_UISupportedInterfaceOrientations_iPhone = "UIInterfaceOrientationPortrait UIInterfaceOrientationLandscapeLeft UIInterfaceOrientationLandscapeRight";
				IPHONEOS_DEPLOYMENT_TARGET = 15.2;
				LD_RUNPATH_SEARCH_PATHS = (
					"$(inherited)",
					"@executable_path/Frameworks",
				);
				MARKETING_VERSION = 1.0;
				PRODUCT_BUNDLE_IDENTIFIER = "sg.mor.Multi-Theme";
				PRODUCT_NAME = "Multi-Theme";
				SDKROOT = iphoneos;
				SWIFT_EMIT_LOC_STRINGS = YES;
				SWIFT_VERSION = 5.0;
				TARGETED_DEVICE_FAMILY = "1,2";
				VALIDATE_PRODUCT = YES;
			};
			name = Release;
		};
/* End XCBuildConfiguration section */

/* Begin XCConfigurationList section */
		B4BC03FC27D5E93700B59A00 /* Build configuration list for PBXProject "Multi-Theme" */ = {
			isa = XCConfigurationList;
			buildConfigurations = (
				B4BC041427D5E93900B59A00 /* Debug */,
				B4BC041527D5E93900B59A00 /* Release */,
			);
			defaultConfigurationIsVisible = 0;
			defaultConfigurationName = Release;
		};
		B4BC041627D5E93900B59A00 /* Build configuration list for PBXNativeTarget "Multi-Theme (iOS)" */ = {
			isa = XCConfigurationList;
			buildConfigurations = (
				B4BC041727D5E93900B59A00 /* Debug */,
				B4BC041827D5E93900B59A00 /* Release */,
			);
			defaultConfigurationIsVisible = 0;
			defaultConfigurationName = Release;
		};
/* End XCConfigurationList section */
	};
	rootObject = B4BC03F927D5E93700B59A00 /* Project object */;
}
